
Microsoft Visual Studio Solution File, Format Version 12.00
# Visual Studio Version 16
VisualStudioVersion = 16.0.30907.101
MinimumVisualStudioVersion = 10.0.40219.1
Project("{FAE04EC0-301F-11D3-BF4B-00C04F79EFBC}") = "SWD-TemplateEllerStrategy", "SWD-TemplateEllerGof\SWD-TemplateEllerStrategy.csproj", "{97FDE21D-9704-4CB2-8552-1E31C8BDFA07}"
EndProject
Global
	GlobalSection(SolutionConfigurationPlatforms) = preSolution
		Debug|Any CPU = Debug|Any CPU
		Release|Any CPU = Release|Any CPU
	EndGlobalSection
	GlobalSection(ProjectConfigurationPlatforms) = postSolution
		{97FDE21D-9704-4CB2-8552-1E31C8BDFA07}.Debug|Any CPU.ActiveCfg = Debug|Any CPU
		{97FDE21D-9704-4CB2-8552-1E31C8BDFA07}.Debug|Any CPU.Build.0 = Debug|Any CPU
		{97FDE21D-9704-4CB2-8552-1E31C8BDFA07}.Release|Any CPU.ActiveCfg = Release|Any CPU
		{97FDE21D-9704-4CB2-8552-1E31C8BDFA07}.Release|Any CPU.Build.0 = Release|Any CPU
	EndGlobalSection
	GlobalSection(SolutionProperties) = preSolution
		HideSolutionNode = FALSE
	EndGlobalSection
	GlobalSection(ExtensibilityGlobals) = postSolution
		SolutionGuid = {87D1A125-DA51-48A3-9545-0132EE715099}
	EndGlobalSection
EndGlobal
